// !$*UTF8*$!
{
	archiveVersion = 1;
	classes = {
	};
	objectVersion = 46;
	objects = {

/* Begin PBXBuildFile section */
		46653C081CC1AF0800B75265 /* Numerical_Method_Implicit.cpp in Sources */ = {isa = PBXBuildFile; fileRef = 46653C071CC1AF0800B75265 /* Numerical_Method_Implicit.cpp */; };
		46653C101CC1AF5900B75265 /* do_nm.cpp in Sources */ = {isa = PBXBuildFile; fileRef = 46653C0E1CC1AF5900B75265 /* do_nm.cpp */; settings = {ASSET_TAGS = (); }; };
/* End PBXBuildFile section */

/* Begin PBXCopyFilesBuildPhase section */
		46653C021CC1AF0800B75265 /* CopyFiles */ = {
			isa = PBXCopyFilesBuildPhase;
			buildActionMask = 2147483647;
			dstPath = /usr/share/man/man1/;
			dstSubfolderSpec = 0;
			files = (
			);
			runOnlyForDeploymentPostprocessing = 1;
		};
/* End PBXCopyFilesBuildPhase section */

/* Begin PBXFileReference section */
		46653C041CC1AF0800B75265 /* Numerical_Method_Implicit */ = {isa = PBXFileReference; explicitFileType = "compiled.mach-o.executable"; includeInIndex = 0; path = Numerical_Method_Implicit; sourceTree = BUILT_PRODUCTS_DIR; };
		46653C071CC1AF0800B75265 /* Numerical_Method_Implicit.cpp */ = {isa = PBXFileReference; lastKnownFileType = sourcecode.cpp.cpp; path = Numerical_Method_Implicit.cpp; sourceTree = "<group>"; };
		46653C0E1CC1AF5900B75265 /* do_nm.cpp */ = {isa = PBXFileReference; fileEncoding = 4; lastKnownFileType = sourcecode.cpp.cpp; path = do_nm.cpp; sourceTree = "<group>"; };
		46653C0F1CC1AF5900B75265 /* do_nm.hpp */ = {isa = PBXFileReference; fileEncoding = 4; lastKnownFileType = sourcecode.cpp.h; path = do_nm.hpp; sourceTree = "<group>"; };
/* End PBXFileReference section */

/* Begin PBXFrameworksBuildPhase section */
		46653C011CC1AF0800B75265 /* Frameworks */ = {
			isa = PBXFrameworksBuildPhase;
			buildActionMask = 2147483647;
			files = (
			);
			runOnlyForDeploymentPostprocessing = 0;
		};
/* End PBXFrameworksBuildPhase section */

/* Begin PBXGroup section */
		46653BFB1CC1AF0800B75265 = {
			isa = PBXGroup;
			children = (
				46653C061CC1AF0800B75265 /* Numerical_Method_Implicit */,
				46653C051CC1AF0800B75265 /* Products */,
			);
			sourceTree = "<group>";
		};
		46653C051CC1AF0800B75265 /* Products */ = {
			isa = PBXGroup;
			children = (
				46653C041CC1AF0800B75265 /* Numerical_Method_Implicit */,
			);
			name = Products;
			sourceTree = "<group>";
		};
		46653C061CC1AF0800B75265 /* Numerical_Method_Implicit */ = {
			isa = PBXGroup;
			children = (
				46653C071CC1AF0800B75265 /* Numerical_Method_Implicit.cpp */,
				46653C0E1CC1AF5900B75265 /* do_nm.cpp */,
				46653C0F1CC1AF5900B75265 /* do_nm.hpp */,
			);
			path = Numerical_Method_Implicit;
			sourceTree = "<group>";
		};
/* End PBXGroup section */

/* Begin PBXNativeTarget section */
		46653C031CC1AF0800B75265 /* Numerical_Method_Implicit */ = {
			isa = PBXNativeTarget;
			buildConfigurationList = 46653C0B1CC1AF0800B75265 /* Build configuration list for PBXNativeTarget "Numerical_Method_Implicit" */;
			buildPhases = (
				46653C001CC1AF0800B75265 /* Sources */,
				46653C011CC1AF0800B75265 /* Frameworks */,
				46653C021CC1AF0800B75265 /* CopyFiles */,
			);
			buildRules = (
			);
			dependencies = (
			);
			name = Numerical_Method_Implicit;
			productName = Numerical_Method_Implicit;
			productReference = 46653C041CC1AF0800B75265 /* Numerical_Method_Implicit */;
			productType = "com.apple.product-type.tool";
		};
/* End PBXNativeTarget section */

/* Begin PBXProject section */
		46653BFC1CC1AF0800B75265 /* Project object */ = {
			isa = PBXProject;
			attributes = {
				LastUpgradeCheck = 0700;
				ORGANIZATIONNAME = "Dongliang Yi";
				TargetAttributes = {
					46653C031CC1AF0800B75265 = {
						CreatedOnToolsVersion = 7.0;
					};
				};
			};
			buildConfigurationList = 46653BFF1CC1AF0800B75265 /* Build configuration list for PBXProject "Numerical_Method_Implicit" */;
			compatibilityVersion = "Xcode 3.2";
			developmentRegion = English;
			hasScannedForEncodings = 0;
			knownRegions = (
				en,
			);
			mainGroup = 46653BFB1CC1AF0800B75265;
			productRefGroup = 46653C051CC1AF0800B75265 /* Products */;
			projectDirPath = "";
			projectRoot = "";
			targets = (
				46653C031CC1AF0800B75265 /* Numerical_Method_Implicit */,
			);
		};
/* End PBXProject section */

/* Begin PBXSourcesBuildPhase section */
		46653C001CC1AF0800B75265 /* Sources */ = {
			isa = PBXSourcesBuildPhase;
			buildActionMask = 2147483647;
			files = (
				46653C081CC1AF0800B75265 /* Numerical_Method_Implicit.cpp in Sources */,
				46653C101CC1AF5900B75265 /* do_nm.cpp in Sources */,
			);
			runOnlyForDeploymentPostprocessing = 0;
		};
/* End PBXSourcesBuildPhase section */

/* Begin XCBuildConfiguration section */
		46653C091CC1AF0800B75265 /* Debug */ = {
			isa = XCBuildConfiguration;
			buildSettings = {
				ALWAYS_SEARCH_USER_PATHS = NO;
				CLANG_CXX_LANGUAGE_STANDARD = "gnu++0x";
				CLANG_CXX_LIBRARY = "libc++";
				CLANG_ENABLE_MODULES = YES;
				CLANG_ENABLE_OBJC_ARC = YES;
				CLANG_WARN_BOOL_CONVERSION = YES;
				CLANG_WARN_CONSTANT_CONVERSION = YES;
				CLANG_WARN_DIRECT_OBJC_ISA_USAGE = YES_ERROR;
				CLANG_WARN_EMPTY_BODY = YES;
				CLANG_WARN_ENUM_CONVERSION = YES;
				CLANG_WARN_INT_CONVERSION = YES;
				CLANG_WARN_OBJC_ROOT_CLASS = YES_ERROR;
				CLANG_WARN_UNREACHABLE_CODE = YES;
				CLANG_WARN__DUPLICATE_METHOD_MATCH = YES;
				COPY_PHASE_STRIP = NO;
				DEBUG_INFORMATION_FORMAT = dwarf;
				ENABLE_STRICT_OBJC_MSGSEND = YES;
				ENABLE_TESTABILITY = YES;
				GCC_C_LANGUAGE_STANDARD = gnu99;
				GCC_DYNAMIC_NO_PIC = NO;
				GCC_NO_COMMON_BLOCKS = YES;
				GCC_OPTIMIZATION_LEVEL = 0;
				GCC_PREPROCESSOR_DEFINITIONS = (
					"DEBUG=1",
					"$(inherited)",
				);
				GCC_WARN_64_TO_32_BIT_CONVERSION = YES;
				GCC_WARN_ABOUT_RETURN_TYPE = YES_ERROR;
				GCC_WARN_UNDECLARED_SELECTOR = YES;
				GCC_WARN_UNINITIALIZED_AUTOS = YES_AGGRESSIVE;
				GCC_WARN_UNUSED_FUNCTION = YES;
				GCC_WARN_UNUSED_VARIABLE = YES;
				MACOSX_DEPLOYMENT_TARGET = 10.11;
				MTL_ENABLE_DEBUG_INFO = YES;
				ONLY_ACTIVE_ARCH = YES;
				SDKROOT = macosx;
			};
			name = Debug;
		};
		46653C0A1CC1AF0800B75265 /* Release */ = {
			isa = XCBuildConfiguration;
			buildSettings = {
				ALWAYS_SEARCH_USER_PATHS = NO;
				CLANG_CXX_LANGUAGE_STANDARD = "gnu++0x";
				CLANG_CXX_LIBRARY = "libc++";
				CLANG_ENABLE_MODULES = YES;
				CLANG_ENABLE_OBJC_ARC = YES;
				CLANG_WARN_BOOL_CONVERSION = YES;
				CLANG_WARN_CONSTANT_CONVERSION = YES;
				CLANG_WARN_DIRECT_OBJC_ISA_USAGE = YES_ERROR;
				CLANG_WARN_EMPTY_BODY = YES;
				CLANG_WARN_ENUM_CONVERSION = YES;
				CLANG_WARN_INT_CONVERSION = YES;
				CLANG_WARN_OBJC_ROOT_CLASS = YES_ERROR;
				CLANG_WARN_UNREACHABLE_CODE = YES;
				CLANG_WARN__DUPLICATE_METHOD_MATCH = YES;
				COPY_PHASE_STRIP = NO;
				DEBUG_INFORMATION_FORMAT = "dwarf-with-dsym";
				ENABLE_NS_ASSERTIONS = NO;
				ENABLE_STRICT_OBJC_MSGSEND = YES;
				GCC_C_LANGUAGE_STANDARD = gnu99;
				GCC_NO_COMMON_BLOCKS = YES;
				GCC_WARN_64_TO_32_BIT_CONVERSION = YES;
				GCC_WARN_ABOUT_RETURN_TYPE = YES_ERROR;
				GCC_WARN_UNDECLARED_SELECTOR = YES;
				GCC_WARN_UNINITIALIZED_AUTOS = YES_AGGRESSIVE;
				GCC_WARN_UNUSED_FUNCTION = YES;
				GCC_WARN_UNUSED_VARIABLE = YES;
				MACOSX_DEPLOYMENT_TARGET = 10.11;
				MTL_ENABLE_DEBUG_INFO = NO;
				SDKROOT = macosx;
			};
			name = Release;
		};
		46653C0C1CC1AF0800B75265 /* Debug */ = {
			isa = XCBuildConfiguration;
			buildSettings = {
				HEADER_SEARCH_PATHS = (
					/Users/Larry/Documents/CPP_Code/boost_1_60_0,
					"/Users/Larry/Documents/CPP_Code/gsl-2.1/include",
				);
				LIBRARY_SEARCH_PATHS = "/Users/Larry/Documents/CPP_Code/gsl-2.1/lib/";
				OTHER_LDFLAGS = (
					"-lgsl",
					"-lgslcblas",
				);
				PRODUCT_NAME = "$(TARGET_NAME)";
			};
			name = Debug;
		};
		46653C0D1CC1AF0800B75265 /* Release */ = {
			isa = XCBuildConfiguration;
			buildSettings = {
				HEADER_SEARCH_PATHS = (
					/Users/Larry/Documents/CPP_Code/boost_1_60_0,
					"/Users/Larry/Documents/CPP_Code/gsl-2.1/include",
				);
				LIBRARY_SEARCH_PATHS = "/Users/Larry/Documents/CPP_Code/gsl-2.1/lib/";
				OTHER_LDFLAGS = (
					"-lgsl",
					"-lgslcblas",
				);
				PRODUCT_NAME = "$(TARGET_NAME)";
			};
			name = Release;
		};
/* End XCBuildConfiguration section */

/* Begin XCConfigurationList section */
		46653BFF1CC1AF0800B75265 /* Build configuration list for PBXProject "Numerical_Method_Implicit" */ = {
			isa = XCConfigurationList;
			buildConfigurations = (
				46653C091CC1AF0800B75265 /* Debug */,
				46653C0A1CC1AF0800B75265 /* Release */,
			);
			defaultConfigurationIsVisible = 0;
			defaultConfigurationName = Release;
		};
		46653C0B1CC1AF0800B75265 /* Build configuration list for PBXNativeTarget "Numerical_Method_Implicit" */ = {
			isa = XCConfigurationList;
			buildConfigurations = (
				46653C0C1CC1AF0800B75265 /* Debug */,
				46653C0D1CC1AF0800B75265 /* Release */,
			);
			defaultConfigurationIsVisible = 0;
		};
/* End XCConfigurationList section */
	};
	rootObject = 46653BFC1CC1AF0800B75265 /* Project object */;
}
